
Microsoft Visual Studio Solution File, Format Version 12.00
# Visual Studio Version 16
VisualStudioVersion = 16.0.29806.167
MinimumVisualStudioVersion = 10.0.40219.1
Project("{9A19103F-16F7-4668-BE54-9A1E7A4F7556}") = "compress-string-lcci-tests", "compress-string-lcci\test\compress-string-lcci-test\compress-string-lcci-tests.csproj", "{FBFF5D86-3564-4FDA-A211-AB4E429E7EAC}"
EndProject
Project("{9A19103F-16F7-4668-BE54-9A1E7A4F7556}") = "compress-string-lcci", "compress-string-lcci\src\compress-string-lcci.csproj", "{A80F891F-BED3-4F98-8257-275FD0271116}"
EndProject
Project("{2150E333-8FDC-42A3-9474-1A3956D46DE8}") = "1160__find-words-that-can-be-formed-by-characters", "1160__find-words-that-can-be-formed-by-characters", "{4C6ED0BB-9584-4D62-AC32-60B9574C5EBC}"
EndProject
Project("{2150E333-8FDC-42A3-9474-1A3956D46DE8}") = "01.06__compress-string-lcci", "01.06__compress-string-lcci", "{1F845F04-482B-42A4-872E-3D67DF3FA00F}"
EndProject
Project("{9A19103F-16F7-4668-BE54-9A1E7A4F7556}") = "find-words-that-can-be-formed-by-characters-tests", "1160__find-words-that-can-be-formed-by-characters\test\UnitTestProject\find-words-that-can-be-formed-by-characters-tests.csproj", "{18FA2896-3CF0-4FE4-90D4-83F2D2459A5C}"
EndProject
Project("{9A19103F-16F7-4668-BE54-9A1E7A4F7556}") = "find-words-that-can-be-formed-by-characters", "1160__find-words-that-can-be-formed-by-characters\src\find-words-that-can-be-formed-by-characters\find-words-that-can-be-formed-by-characters.csproj", "{5429A676-6C6B-4C76-BA71-D2B96508DF0F}"
EndProject
Project("{2150E333-8FDC-42A3-9474-1A3956D46DE8}") = "945__minimum-increment-to-make-array-unique", "945__minimum-increment-to-make-array-unique", "{B89791B5-C002-46D9-9B44-D0B0F762FA2D}"
EndProject
Project("{2150E333-8FDC-42A3-9474-1A3956D46DE8}") = "876__middle-of-the-linked-list", "876__middle-of-the-linked-list", "{7EA6C0D3-3A2A-4A46-8A6B-878426041EC5}"
EndProject
Project("{2150E333-8FDC-42A3-9474-1A3956D46DE8}") = "200__number-of-islands", "200__number-of-islands", "{3C302C15-A120-4D9D-93D7-53E6F0B8DBC4}"
EndProject
Project("{2150E333-8FDC-42A3-9474-1A3956D46DE8}") = "892__surface-area-of-3d-shapes", "892__surface-area-of-3d-shapes", "{0F376BFE-3ED9-45E0-9891-BD030530B644}"
EndProject
Project("{2150E333-8FDC-42A3-9474-1A3956D46DE8}") = "999__available-captures-for-rook", "999__available-captures-for-rook", "{5294F491-C2C6-487B-BBB6-47E91BB8697A}"
EndProject
Project("{9A19103F-16F7-4668-BE54-9A1E7A4F7556}") = "available-captures-for-rook", "999__available-captures-for-rook\src\available-captures-for-rook.csproj", "{EE51960F-CB47-48E5-A403-CD3C2F65A712}"
EndProject
Project("{9A19103F-16F7-4668-BE54-9A1E7A4F7556}") = "available-captures-for-rook-test", "999__available-captures-for-rook\test\available-captures-for-rook-test.csproj", "{5668F4EA-DE11-4670-94F9-824EE03D1534}"
EndProject
Project("{2150E333-8FDC-42A3-9474-1A3956D46DE8}") = "914__x-of-a-kind-in-a-deck-of-cards", "914__x-of-a-kind-in-a-deck-of-cards", "{274EE39A-9F2C-4F15-8096-0B130D76D5C7}"
EndProject
Project("{2150E333-8FDC-42A3-9474-1A3956D46DE8}") = "interview18__yuan-quan-zhong-zui-hou-sheng-xia-de-shu-zi-lcof", "interview18__yuan-quan-zhong-zui-hou-sheng-xia-de-shu-zi-lcof", "{A6142069-BAC9-4663-B860-D5B5567F5EA5}"
EndProject
Project("{9A19103F-16F7-4668-BE54-9A1E7A4F7556}") = "yuan-quan-zhong-zui-hou-sheng-xia-de-shu-zi-lcof", "interview18__yuan-quan-zhong-zui-hou-sheng-xia-de-shu-zi-lcof\src\yuan-quan-zhong-zui-hou-sheng-xia-de-shu-zi-lcof.csproj", "{F550EAC6-0C32-4129-B70E-73205DE43CE8}"
EndProject
Project("{9A19103F-16F7-4668-BE54-9A1E7A4F7556}") = "yuan-quan-zhong-zui-hou-sheng-xia-de-shu-zi-lcof-test", "interview18__yuan-quan-zhong-zui-hou-sheng-xia-de-shu-zi-lcof\test\yuan-quan-zhong-zui-hou-sheng-xia-de-shu-zi-lcof-test.csproj", "{3898CCC7-7B9F-43D6-8E37-B52D9D509E39}"
EndProject
Project("{2150E333-8FDC-42A3-9474-1A3956D46DE8}") = "912__sort-an-array", "912__sort-an-array", "{AE41FFB1-61C1-4574-8491-55798DA99D50}"
EndProject
Project("{9A19103F-16F7-4668-BE54-9A1E7A4F7556}") = "sort-an-array", "912__sort-an-array\src\sort-an-array.csproj", "{B083BEF4-3E82-46FB-B680-980AF69FD55D}"
EndProject
Project("{9A19103F-16F7-4668-BE54-9A1E7A4F7556}") = "sort-an-array-test", "912__sort-an-array\test\sort-an-array-test.csproj", "{8965F85B-B6AE-4891-8C9F-914D241F6697}"
EndProject
Project("{2150E333-8FDC-42A3-9474-1A3956D46DE8}") = "203__remove-linked-list-elements", "203__remove-linked-list-elements", "{70C35119-9C17-4B0F-B931-58CF0180E06C}"
EndProject
Project("{9A19103F-16F7-4668-BE54-9A1E7A4F7556}") = "remove-linked-list-elements", "203__remove-linked-list-elements\src\remove-linked-list-elements.csproj", "{E18502A5-655B-4FC6-83FF-691872FBAA90}"
EndProject
Project("{9A19103F-16F7-4668-BE54-9A1E7A4F7556}") = "remove-linked-list-elements-test", "203__remove-linked-list-elements\test\remove-linked-list-elements-test.csproj", "{83D1D7A3-1EDC-4809-BB44-CCA32FE8E20D}"
EndProject
Project("{2150E333-8FDC-42A3-9474-1A3956D46DE8}") = "DataStructures", "DataStructures", "{E357D514-9291-4B97-8967-73B11896E49D}"
EndProject
Project("{2150E333-8FDC-42A3-9474-1A3956D46DE8}") = "LinkedNodes", "LinkedNodes", "{9EB312B0-B70A-4DC3-AD5B-2B1657FE815F}"
EndProject
Project("{2150E333-8FDC-42A3-9474-1A3956D46DE8}") = "Tree", "Tree", "{35118707-86F1-44A9-B865-B134D8E46527}"
EndProject
Project("{9A19103F-16F7-4668-BE54-9A1E7A4F7556}") = "BST", "DataStructures\Tree\BST\BST.csproj", "{B71D3DC8-77E7-487A-A451-05E93528F4CC}"
EndProject
Project("{2150E333-8FDC-42A3-9474-1A3956D46DE8}") = "x2gy9m__remove-duplicates", "x2gy9m__remove-duplicates", "{16AD5042-3C2C-46A8-93CA-9460B38C6E50}"
EndProject
Project("{2150E333-8FDC-42A3-9474-1A3956D46DE8}") = "Array", "Array", "{CFC0A255-ACFE-499C-B64D-B008C865A8F0}"
EndProject
Project("{9A19103F-16F7-4668-BE54-9A1E7A4F7556}") = "middle-of-the-linked-list", "876__middle-of-the-linked-list\src\middle-of-the-linked-list.csproj", "{8B7D6B0F-3B66-45E1-9465-70C30DE131AA}"
EndProject
Project("{9A19103F-16F7-4668-BE54-9A1E7A4F7556}") = "middle-of-the-linked-list-tests", "876__middle-of-the-linked-list\test\middle-of-the-linked-list-tests.csproj", "{0D12A336-3170-4B39-8C33-F8F883B0D830}"
EndProject
Project("{9A19103F-16F7-4668-BE54-9A1E7A4F7556}") = "number-of-islands", "200__number-of-islands\src\number-of-islands.csproj", "{817F7FC1-B9B7-4D26-9E9B-D167AE658B0C}"
EndProject
Project("{9A19103F-16F7-4668-BE54-9A1E7A4F7556}") = "number-of-islands-tests", "200__number-of-islands\test\number-of-islands-tests.csproj", "{06C2C2DB-6588-42DE-A616-8B0189508DE4}"
EndProject
Project("{9A19103F-16F7-4668-BE54-9A1E7A4F7556}") = "surface-area-of-3d-shapes", "892__surface-area-of-3d-shapes\src\surface-area-of-3d-shapes.csproj", "{299860E5-E977-4212-8AE7-8C1F689B0047}"
EndProject
Project("{9A19103F-16F7-4668-BE54-9A1E7A4F7556}") = "surface-area-of-3d-shapes-tests", "892__surface-area-of-3d-shapes\test\surface-area-of-3d-shapes-tests.csproj", "{EAA6CE3F-9F98-4377-9074-98B4E32E945B}"
EndProject
Project("{9A19103F-16F7-4668-BE54-9A1E7A4F7556}") = "x-of-a-kind-in-a-deck-of-cards", "914__x-of-a-kind-in-a-deck-of-cards\src\x-of-a-kind-in-a-deck-of-cards.csproj", "{B7885E91-4274-4570-864C-5050CD46A441}"
EndProject
Project("{9A19103F-16F7-4668-BE54-9A1E7A4F7556}") = "x-of-a-kind-in-a-deck-of-cards-test", "914__x-of-a-kind-in-a-deck-of-cards\test\x-of-a-kind-in-a-deck-of-cards-test.csproj", "{02FBEEAD-245D-47A3-A450-609A9511EAF3}"
EndProject
Project("{9A19103F-16F7-4668-BE54-9A1E7A4F7556}") = "minimum-increment-to-make-array-unique", "945__minimum-increment-to-make-array-unique\src\minimum-increment-to-make-array-unique.csproj", "{930CE510-792D-4193-A5C4-33FB580468BE}"
EndProject
Project("{9A19103F-16F7-4668-BE54-9A1E7A4F7556}") = "minimum-increment-to-make-array-unique.tests", "945__minimum-increment-to-make-array-unique\test\minimum-increment-to-make-array-unique.tests.csproj", "{24D44B0D-52C4-41CA-A506-8527EE065060}"
EndProject
Project("{9A19103F-16F7-4668-BE54-9A1E7A4F7556}") = "remove-duplicates", "x2gy9m__remove-duplicates\src\remove-duplicates.csproj", "{85130931-06BE-427C-9E56-A93F357EF796}"
EndProject
Project("{9A19103F-16F7-4668-BE54-9A1E7A4F7556}") = "remove-duplicates-test", "x2gy9m__remove-duplicates\test\remove-duplicates-test\remove-duplicates-test.csproj", "{DEDB3156-6DB7-4E92-9923-60EA6AEFB15A}"
EndProject
Project("{2150E333-8FDC-42A3-9474-1A3956D46DE8}") = "lc-121__best-time-to-buy-and-sell-stock", "lc-121__best-time-to-buy-and-sell-stock", "{859D5085-6654-48E8-BEFC-D5682E372D39}"
EndProject
Project("{9A19103F-16F7-4668-BE54-9A1E7A4F7556}") = "best-time-to-buy-and-sell-stock", "lc-121__best-time-to-buy-and-sell-stock\best-time-to-buy-and-sell-stock\best-time-to-buy-and-sell-stock.csproj", "{BF1C160B-2CF4-4C35-A3FA-60ECAD9D4A29}"
EndProject
Project("{9A19103F-16F7-4668-BE54-9A1E7A4F7556}") = "best-time-to-buy-and-sell-stock-tests", "lc-121__best-time-to-buy-and-sell-stock\best-time-to-buy-and-sell-stock-tests\best-time-to-buy-and-sell-stock-tests.csproj", "{CB636A72-6FD9-4465-8712-149292919D33}"
EndProject
Project("{2150E333-8FDC-42A3-9474-1A3956D46DE8}") = "lc-122__best-time-to-buy-and-sell-stock-ii", "lc-122__best-time-to-buy-and-sell-stock-ii", "{AD7A7D41-B57E-495A-8822-33A705C71578}"
EndProject
Project("{9A19103F-16F7-4668-BE54-9A1E7A4F7556}") = "best-time-to-buy-and-sell-stock-ii", "lc-122__best-time-to-buy-and-sell-stock-ii\best-time-to-buy-and-sell-stock-ii\best-time-to-buy-and-sell-stock-ii.csproj", "{F5CEEF3A-B55A-40AC-95FE-6F396DD07EA6}"
EndProject
Project("{9A19103F-16F7-4668-BE54-9A1E7A4F7556}") = "best-time-to-buy-and-sell-stock-ii-tests", "lc-122__best-time-to-buy-and-sell-stock-ii\best-time-to-buy-and-sell-stock-ii-tests\best-time-to-buy-and-sell-stock-ii-tests.csproj", "{38481A61-EBAD-4E40-8D0E-60D6DF5BE332}"
EndProject
Project("{9A19103F-16F7-4668-BE54-9A1E7A4F7556}") = "LCQueue", "DataStructures\array\lcqueue\src\LCQueue\LCQueue.csproj", "{D1287DC4-C71D-46EF-9375-86E5CDD282B1}"
EndProject
Project("{9A19103F-16F7-4668-BE54-9A1E7A4F7556}") = "LCQueue-test", "DataStructures\array\lcqueue\test\LCQueue-test\LCQueue-test.csproj", "{A2C65B9B-CA30-4F11-8C6D-732DF8750777}"
EndProject
Project("{2150E333-8FDC-42A3-9474-1A3956D46DE8}") = "189__rotate-array", "189__rotate-array", "{602AEAFC-162D-47C2-AEAE-7C9636B3959C}"
EndProject
Project("{9A19103F-16F7-4668-BE54-9A1E7A4F7556}") = "rotate-array", "189__rotate-array\src\rotate-array\rotate-array.csproj", "{C057D740-5F19-4E33-AFCC-A28C2FBC48DC}"
EndProject
Project("{9A19103F-16F7-4668-BE54-9A1E7A4F7556}") = "rotate-array-test", "189__rotate-array\test\rotate-array-test\rotate-array-test.csproj", "{DEC0C922-85B4-4286-BB46-9FAE12E92A9F}"
EndProject
Project("{2150E333-8FDC-42A3-9474-1A3956D46DE8}") = "217__contains-duplicate", "217__contains-duplicate", "{AF42060A-12E3-4A39-ADAB-1FBFC88FBE8E}"
EndProject
Project("{9A19103F-16F7-4668-BE54-9A1E7A4F7556}") = "contains-duplicate-tests", "217__contains-duplicate\test\contains-duplicate-tests\contains-duplicate-tests.csproj", "{ABA594D2-5D36-4A37-A366-67E713D47295}"
EndProject
Project("{9A19103F-16F7-4668-BE54-9A1E7A4F7556}") = "contains-duplicate", "217__contains-duplicate\src\contains-duplicate\contains-duplicate.csproj", "{A2085AA2-E847-4D17-BCEE-889F36DCDC86}"
EndProject
Project("{2150E333-8FDC-42A3-9474-1A3956D46DE8}") = "136__single-number", "136__single-number", "{8D2BD73B-8CDD-4F6C-8E1A-BA6D31893163}"
EndProject
Project("{9A19103F-16F7-4668-BE54-9A1E7A4F7556}") = "single-number", "136__single-number\src\single-number\single-number.csproj", "{F2A85A33-F9D2-40A4-8608-174EEE4EC36A}"
EndProject
Project("{9A19103F-16F7-4668-BE54-9A1E7A4F7556}") = "single-number-tests", "136__single-number\test\single-number-tests\single-number-tests.csproj", "{0E8B0877-0A99-4D9F-B247-AAE3E9280A0B}"
EndProject
Project("{2150E333-8FDC-42A3-9474-1A3956D46DE8}") = "350__intersection-of-two-arrays-ii", "350__intersection-of-two-arrays-ii", "{8E835E7F-0BF4-49E8-988F-135AC0726D12}"
EndProject
Project("{9A19103F-16F7-4668-BE54-9A1E7A4F7556}") = "intersection-of-two-arrays-ii-tests", "350__intersection-of-two-arrays-ii\test\intersection-of-two-arrays-ii-tests\intersection-of-two-arrays-ii-tests.csproj", "{9D202C0F-D83B-486C-9591-105C05286F99}"
EndProject
Project("{9A19103F-16F7-4668-BE54-9A1E7A4F7556}") = "intersection-of-two-arrays-ii", "350__intersection-of-two-arrays-ii\src\intersection-of-two-arrays-ii\intersection-of-two-arrays-ii.csproj", "{F715091A-FEA4-4BFB-9419-704E46146B9F}"
EndProject
Project("{2150E333-8FDC-42A3-9474-1A3956D46DE8}") = "66__plus-one", "66__plus-one", "{22111064-BBB3-48FC-AF5B-C807DCCC3141}"
EndProject
Project("{9A19103F-16F7-4668-BE54-9A1E7A4F7556}") = "plus-one-tests", "66__plus-one\test\plus-one-tests\plus-one-tests.csproj", "{A5548584-8EEF-4220-9D37-7EF6968C8195}"
EndProject
Project("{9A19103F-16F7-4668-BE54-9A1E7A4F7556}") = "plus-one", "66__plus-one\src\plus-one\plus-one.csproj", "{E0F40F30-766C-4D9E-A247-7105A3BA7F29}"
EndProject
Project("{2150E333-8FDC-42A3-9474-1A3956D46DE8}") = "283__move-zeros", "283__move-zeros", "{FD93B871-5975-4BF0-86B8-22FD25FE82BF}"
EndProject
Project("{9A19103F-16F7-4668-BE54-9A1E7A4F7556}") = "move-zeros", "283__move-zeroes\src\move-zeros\move-zeros.csproj", "{76DAF4DC-2437-4958-8C70-F8A9CDC68B7F}"
EndProject
Project("{9A19103F-16F7-4668-BE54-9A1E7A4F7556}") = "move-zeros-tests", "283__move-zeroes\test\move-zeros-tests\move-zeros-tests.csproj", "{8CDEAF7D-0ED1-4A11-89A5-ADB9FCB4D7B1}"
EndProject
Project("{2150E333-8FDC-42A3-9474-1A3956D46DE8}") = "1__two-sum", "1__two-sum", "{2C44A35E-B14F-4E56-B430-B878EC2C3A53}"
EndProject
Project("{9A19103F-16F7-4668-BE54-9A1E7A4F7556}") = "two-sum-tests", "1__two-sum\test\two-sum-tests\two-sum-tests.csproj", "{DD67BACE-7D8B-4598-A3C3-55F1503C0F66}"
EndProject
Project("{9A19103F-16F7-4668-BE54-9A1E7A4F7556}") = "two-sum", "1__two-sum\src\two-sum\two-sum.csproj", "{CBF7A7AA-5190-465F-905A-14DA6AFE46D5}"
EndProject
Project("{2150E333-8FDC-42A3-9474-1A3956D46DE8}") = "36__valid-sudoku", "36__valid-sudoku", "{3E444680-0E50-467E-BAE7-547F2E427A91}"
EndProject
Project("{FAE04EC0-301F-11D3-BF4B-00C04F79EFBC}") = "valid-sudoku", "36__valid-sudoku\src\valid-sudoku\valid-sudoku.csproj", "{D16B104E-4F06-4014-8344-98923EFF3212}"
EndProject
Project("{FAE04EC0-301F-11D3-BF4B-00C04F79EFBC}") = "valid_sudoku_tests", "36__valid-sudoku\test\valid_sudoku\valid_sudoku_tests.csproj", "{D875E5B8-4BB5-49A2-98DC-DBF7AE4F681C}"
EndProject
Global
	GlobalSection(SolutionConfigurationPlatforms) = preSolution
		Debug|Any CPU = Debug|Any CPU
		Release|Any CPU = Release|Any CPU
	EndGlobalSection
	GlobalSection(ProjectConfigurationPlatforms) = postSolution
		{FBFF5D86-3564-4FDA-A211-AB4E429E7EAC}.Debug|Any CPU.ActiveCfg = Debug|Any CPU
		{FBFF5D86-3564-4FDA-A211-AB4E429E7EAC}.Debug|Any CPU.Build.0 = Debug|Any CPU
		{FBFF5D86-3564-4FDA-A211-AB4E429E7EAC}.Release|Any CPU.ActiveCfg = Release|Any CPU
		{FBFF5D86-3564-4FDA-A211-AB4E429E7EAC}.Release|Any CPU.Build.0 = Release|Any CPU
		{A80F891F-BED3-4F98-8257-275FD0271116}.Debug|Any CPU.ActiveCfg = Debug|Any CPU
		{A80F891F-BED3-4F98-8257-275FD0271116}.Debug|Any CPU.Build.0 = Debug|Any CPU
		{A80F891F-BED3-4F98-8257-275FD0271116}.Release|Any CPU.ActiveCfg = Release|Any CPU
		{A80F891F-BED3-4F98-8257-275FD0271116}.Release|Any CPU.Build.0 = Release|Any CPU
		{18FA2896-3CF0-4FE4-90D4-83F2D2459A5C}.Debug|Any CPU.ActiveCfg = Debug|Any CPU
		{18FA2896-3CF0-4FE4-90D4-83F2D2459A5C}.Debug|Any CPU.Build.0 = Debug|Any CPU
		{18FA2896-3CF0-4FE4-90D4-83F2D2459A5C}.Release|Any CPU.ActiveCfg = Release|Any CPU
		{18FA2896-3CF0-4FE4-90D4-83F2D2459A5C}.Release|Any CPU.Build.0 = Release|Any CPU
		{5429A676-6C6B-4C76-BA71-D2B96508DF0F}.Debug|Any CPU.ActiveCfg = Debug|Any CPU
		{5429A676-6C6B-4C76-BA71-D2B96508DF0F}.Debug|Any CPU.Build.0 = Debug|Any CPU
		{5429A676-6C6B-4C76-BA71-D2B96508DF0F}.Release|Any CPU.ActiveCfg = Release|Any CPU
		{5429A676-6C6B-4C76-BA71-D2B96508DF0F}.Release|Any CPU.Build.0 = Release|Any CPU
		{EE51960F-CB47-48E5-A403-CD3C2F65A712}.Debug|Any CPU.ActiveCfg = Debug|Any CPU
		{EE51960F-CB47-48E5-A403-CD3C2F65A712}.Debug|Any CPU.Build.0 = Debug|Any CPU
		{EE51960F-CB47-48E5-A403-CD3C2F65A712}.Release|Any CPU.ActiveCfg = Release|Any CPU
		{EE51960F-CB47-48E5-A403-CD3C2F65A712}.Release|Any CPU.Build.0 = Release|Any CPU
		{5668F4EA-DE11-4670-94F9-824EE03D1534}.Debug|Any CPU.ActiveCfg = Debug|Any CPU
		{5668F4EA-DE11-4670-94F9-824EE03D1534}.Debug|Any CPU.Build.0 = Debug|Any CPU
		{5668F4EA-DE11-4670-94F9-824EE03D1534}.Release|Any CPU.ActiveCfg = Release|Any CPU
		{5668F4EA-DE11-4670-94F9-824EE03D1534}.Release|Any CPU.Build.0 = Release|Any CPU
		{F550EAC6-0C32-4129-B70E-73205DE43CE8}.Debug|Any CPU.ActiveCfg = Debug|Any CPU
		{F550EAC6-0C32-4129-B70E-73205DE43CE8}.Debug|Any CPU.Build.0 = Debug|Any CPU
		{F550EAC6-0C32-4129-B70E-73205DE43CE8}.Release|Any CPU.ActiveCfg = Release|Any CPU
		{F550EAC6-0C32-4129-B70E-73205DE43CE8}.Release|Any CPU.Build.0 = Release|Any CPU
		{3898CCC7-7B9F-43D6-8E37-B52D9D509E39}.Debug|Any CPU.ActiveCfg = Debug|Any CPU
		{3898CCC7-7B9F-43D6-8E37-B52D9D509E39}.Debug|Any CPU.Build.0 = Debug|Any CPU
		{3898CCC7-7B9F-43D6-8E37-B52D9D509E39}.Release|Any CPU.ActiveCfg = Release|Any CPU
		{3898CCC7-7B9F-43D6-8E37-B52D9D509E39}.Release|Any CPU.Build.0 = Release|Any CPU
		{B083BEF4-3E82-46FB-B680-980AF69FD55D}.Debug|Any CPU.ActiveCfg = Debug|Any CPU
		{B083BEF4-3E82-46FB-B680-980AF69FD55D}.Debug|Any CPU.Build.0 = Debug|Any CPU
		{B083BEF4-3E82-46FB-B680-980AF69FD55D}.Release|Any CPU.ActiveCfg = Release|Any CPU
		{B083BEF4-3E82-46FB-B680-980AF69FD55D}.Release|Any CPU.Build.0 = Release|Any CPU
		{8965F85B-B6AE-4891-8C9F-914D241F6697}.Debug|Any CPU.ActiveCfg = Debug|Any CPU
		{8965F85B-B6AE-4891-8C9F-914D241F6697}.Debug|Any CPU.Build.0 = Debug|Any CPU
		{8965F85B-B6AE-4891-8C9F-914D241F6697}.Release|Any CPU.ActiveCfg = Release|Any CPU
		{8965F85B-B6AE-4891-8C9F-914D241F6697}.Release|Any CPU.Build.0 = Release|Any CPU
		{E18502A5-655B-4FC6-83FF-691872FBAA90}.Debug|Any CPU.ActiveCfg = Debug|Any CPU
		{E18502A5-655B-4FC6-83FF-691872FBAA90}.Debug|Any CPU.Build.0 = Debug|Any CPU
		{E18502A5-655B-4FC6-83FF-691872FBAA90}.Release|Any CPU.ActiveCfg = Release|Any CPU
		{E18502A5-655B-4FC6-83FF-691872FBAA90}.Release|Any CPU.Build.0 = Release|Any CPU
		{83D1D7A3-1EDC-4809-BB44-CCA32FE8E20D}.Debug|Any CPU.ActiveCfg = Debug|Any CPU
		{83D1D7A3-1EDC-4809-BB44-CCA32FE8E20D}.Debug|Any CPU.Build.0 = Debug|Any CPU
		{83D1D7A3-1EDC-4809-BB44-CCA32FE8E20D}.Release|Any CPU.ActiveCfg = Release|Any CPU
		{83D1D7A3-1EDC-4809-BB44-CCA32FE8E20D}.Release|Any CPU.Build.0 = Release|Any CPU
		{B71D3DC8-77E7-487A-A451-05E93528F4CC}.Debug|Any CPU.ActiveCfg = Debug|Any CPU
		{B71D3DC8-77E7-487A-A451-05E93528F4CC}.Debug|Any CPU.Build.0 = Debug|Any CPU
		{B71D3DC8-77E7-487A-A451-05E93528F4CC}.Release|Any CPU.ActiveCfg = Release|Any CPU
		{B71D3DC8-77E7-487A-A451-05E93528F4CC}.Release|Any CPU.Build.0 = Release|Any CPU
		{8B7D6B0F-3B66-45E1-9465-70C30DE131AA}.Debug|Any CPU.ActiveCfg = Debug|Any CPU
		{8B7D6B0F-3B66-45E1-9465-70C30DE131AA}.Debug|Any CPU.Build.0 = Debug|Any CPU
		{8B7D6B0F-3B66-45E1-9465-70C30DE131AA}.Release|Any CPU.ActiveCfg = Release|Any CPU
		{8B7D6B0F-3B66-45E1-9465-70C30DE131AA}.Release|Any CPU.Build.0 = Release|Any CPU
		{0D12A336-3170-4B39-8C33-F8F883B0D830}.Debug|Any CPU.ActiveCfg = Debug|Any CPU
		{0D12A336-3170-4B39-8C33-F8F883B0D830}.Debug|Any CPU.Build.0 = Debug|Any CPU
		{0D12A336-3170-4B39-8C33-F8F883B0D830}.Release|Any CPU.ActiveCfg = Release|Any CPU
		{0D12A336-3170-4B39-8C33-F8F883B0D830}.Release|Any CPU.Build.0 = Release|Any CPU
		{817F7FC1-B9B7-4D26-9E9B-D167AE658B0C}.Debug|Any CPU.ActiveCfg = Debug|Any CPU
		{817F7FC1-B9B7-4D26-9E9B-D167AE658B0C}.Debug|Any CPU.Build.0 = Debug|Any CPU
		{817F7FC1-B9B7-4D26-9E9B-D167AE658B0C}.Release|Any CPU.ActiveCfg = Release|Any CPU
		{817F7FC1-B9B7-4D26-9E9B-D167AE658B0C}.Release|Any CPU.Build.0 = Release|Any CPU
		{06C2C2DB-6588-42DE-A616-8B0189508DE4}.Debug|Any CPU.ActiveCfg = Debug|Any CPU
		{06C2C2DB-6588-42DE-A616-8B0189508DE4}.Debug|Any CPU.Build.0 = Debug|Any CPU
		{06C2C2DB-6588-42DE-A616-8B0189508DE4}.Release|Any CPU.ActiveCfg = Release|Any CPU
		{06C2C2DB-6588-42DE-A616-8B0189508DE4}.Release|Any CPU.Build.0 = Release|Any CPU
		{299860E5-E977-4212-8AE7-8C1F689B0047}.Debug|Any CPU.ActiveCfg = Debug|Any CPU
		{299860E5-E977-4212-8AE7-8C1F689B0047}.Debug|Any CPU.Build.0 = Debug|Any CPU
		{299860E5-E977-4212-8AE7-8C1F689B0047}.Release|Any CPU.ActiveCfg = Release|Any CPU
		{299860E5-E977-4212-8AE7-8C1F689B0047}.Release|Any CPU.Build.0 = Release|Any CPU
		{EAA6CE3F-9F98-4377-9074-98B4E32E945B}.Debug|Any CPU.ActiveCfg = Debug|Any CPU
		{EAA6CE3F-9F98-4377-9074-98B4E32E945B}.Debug|Any CPU.Build.0 = Debug|Any CPU
		{EAA6CE3F-9F98-4377-9074-98B4E32E945B}.Release|Any CPU.ActiveCfg = Release|Any CPU
		{EAA6CE3F-9F98-4377-9074-98B4E32E945B}.Release|Any CPU.Build.0 = Release|Any CPU
		{B7885E91-4274-4570-864C-5050CD46A441}.Debug|Any CPU.ActiveCfg = Debug|Any CPU
		{B7885E91-4274-4570-864C-5050CD46A441}.Debug|Any CPU.Build.0 = Debug|Any CPU
		{B7885E91-4274-4570-864C-5050CD46A441}.Release|Any CPU.ActiveCfg = Release|Any CPU
		{B7885E91-4274-4570-864C-5050CD46A441}.Release|Any CPU.Build.0 = Release|Any CPU
		{02FBEEAD-245D-47A3-A450-609A9511EAF3}.Debug|Any CPU.ActiveCfg = Debug|Any CPU
		{02FBEEAD-245D-47A3-A450-609A9511EAF3}.Debug|Any CPU.Build.0 = Debug|Any CPU
		{02FBEEAD-245D-47A3-A450-609A9511EAF3}.Release|Any CPU.ActiveCfg = Release|Any CPU
		{02FBEEAD-245D-47A3-A450-609A9511EAF3}.Release|Any CPU.Build.0 = Release|Any CPU
		{930CE510-792D-4193-A5C4-33FB580468BE}.Debug|Any CPU.ActiveCfg = Debug|Any CPU
		{930CE510-792D-4193-A5C4-33FB580468BE}.Debug|Any CPU.Build.0 = Debug|Any CPU
		{930CE510-792D-4193-A5C4-33FB580468BE}.Release|Any CPU.ActiveCfg = Release|Any CPU
		{930CE510-792D-4193-A5C4-33FB580468BE}.Release|Any CPU.Build.0 = Release|Any CPU
		{24D44B0D-52C4-41CA-A506-8527EE065060}.Debug|Any CPU.ActiveCfg = Debug|Any CPU
		{24D44B0D-52C4-41CA-A506-8527EE065060}.Debug|Any CPU.Build.0 = Debug|Any CPU
		{24D44B0D-52C4-41CA-A506-8527EE065060}.Release|Any CPU.ActiveCfg = Release|Any CPU
		{24D44B0D-52C4-41CA-A506-8527EE065060}.Release|Any CPU.Build.0 = Release|Any CPU
		{85130931-06BE-427C-9E56-A93F357EF796}.Debug|Any CPU.ActiveCfg = Debug|Any CPU
		{85130931-06BE-427C-9E56-A93F357EF796}.Debug|Any CPU.Build.0 = Debug|Any CPU
		{85130931-06BE-427C-9E56-A93F357EF796}.Release|Any CPU.ActiveCfg = Release|Any CPU
		{85130931-06BE-427C-9E56-A93F357EF796}.Release|Any CPU.Build.0 = Release|Any CPU
		{DEDB3156-6DB7-4E92-9923-60EA6AEFB15A}.Debug|Any CPU.ActiveCfg = Debug|Any CPU
		{DEDB3156-6DB7-4E92-9923-60EA6AEFB15A}.Debug|Any CPU.Build.0 = Debug|Any CPU
		{DEDB3156-6DB7-4E92-9923-60EA6AEFB15A}.Release|Any CPU.ActiveCfg = Release|Any CPU
		{DEDB3156-6DB7-4E92-9923-60EA6AEFB15A}.Release|Any CPU.Build.0 = Release|Any CPU
		{BF1C160B-2CF4-4C35-A3FA-60ECAD9D4A29}.Debug|Any CPU.ActiveCfg = Debug|Any CPU
		{BF1C160B-2CF4-4C35-A3FA-60ECAD9D4A29}.Debug|Any CPU.Build.0 = Debug|Any CPU
		{BF1C160B-2CF4-4C35-A3FA-60ECAD9D4A29}.Release|Any CPU.ActiveCfg = Release|Any CPU
		{BF1C160B-2CF4-4C35-A3FA-60ECAD9D4A29}.Release|Any CPU.Build.0 = Release|Any CPU
		{CB636A72-6FD9-4465-8712-149292919D33}.Debug|Any CPU.ActiveCfg = Debug|Any CPU
		{CB636A72-6FD9-4465-8712-149292919D33}.Debug|Any CPU.Build.0 = Debug|Any CPU
		{CB636A72-6FD9-4465-8712-149292919D33}.Release|Any CPU.ActiveCfg = Release|Any CPU
		{CB636A72-6FD9-4465-8712-149292919D33}.Release|Any CPU.Build.0 = Release|Any CPU
		{F5CEEF3A-B55A-40AC-95FE-6F396DD07EA6}.Debug|Any CPU.ActiveCfg = Debug|Any CPU
		{F5CEEF3A-B55A-40AC-95FE-6F396DD07EA6}.Debug|Any CPU.Build.0 = Debug|Any CPU
		{F5CEEF3A-B55A-40AC-95FE-6F396DD07EA6}.Release|Any CPU.ActiveCfg = Release|Any CPU
		{F5CEEF3A-B55A-40AC-95FE-6F396DD07EA6}.Release|Any CPU.Build.0 = Release|Any CPU
		{38481A61-EBAD-4E40-8D0E-60D6DF5BE332}.Debug|Any CPU.ActiveCfg = Debug|Any CPU
		{38481A61-EBAD-4E40-8D0E-60D6DF5BE332}.Debug|Any CPU.Build.0 = Debug|Any CPU
		{38481A61-EBAD-4E40-8D0E-60D6DF5BE332}.Release|Any CPU.ActiveCfg = Release|Any CPU
		{38481A61-EBAD-4E40-8D0E-60D6DF5BE332}.Release|Any CPU.Build.0 = Release|Any CPU
		{D1287DC4-C71D-46EF-9375-86E5CDD282B1}.Debug|Any CPU.ActiveCfg = Debug|Any CPU
		{D1287DC4-C71D-46EF-9375-86E5CDD282B1}.Debug|Any CPU.Build.0 = Debug|Any CPU
		{D1287DC4-C71D-46EF-9375-86E5CDD282B1}.Release|Any CPU.ActiveCfg = Release|Any CPU
		{D1287DC4-C71D-46EF-9375-86E5CDD282B1}.Release|Any CPU.Build.0 = Release|Any CPU
		{A2C65B9B-CA30-4F11-8C6D-732DF8750777}.Debug|Any CPU.ActiveCfg = Debug|Any CPU
		{A2C65B9B-CA30-4F11-8C6D-732DF8750777}.Debug|Any CPU.Build.0 = Debug|Any CPU
		{A2C65B9B-CA30-4F11-8C6D-732DF8750777}.Release|Any CPU.ActiveCfg = Release|Any CPU
		{A2C65B9B-CA30-4F11-8C6D-732DF8750777}.Release|Any CPU.Build.0 = Release|Any CPU
		{C057D740-5F19-4E33-AFCC-A28C2FBC48DC}.Debug|Any CPU.ActiveCfg = Debug|Any CPU
		{C057D740-5F19-4E33-AFCC-A28C2FBC48DC}.Debug|Any CPU.Build.0 = Debug|Any CPU
		{C057D740-5F19-4E33-AFCC-A28C2FBC48DC}.Release|Any CPU.ActiveCfg = Release|Any CPU
		{C057D740-5F19-4E33-AFCC-A28C2FBC48DC}.Release|Any CPU.Build.0 = Release|Any CPU
		{DEC0C922-85B4-4286-BB46-9FAE12E92A9F}.Debug|Any CPU.ActiveCfg = Debug|Any CPU
		{DEC0C922-85B4-4286-BB46-9FAE12E92A9F}.Debug|Any CPU.Build.0 = Debug|Any CPU
		{DEC0C922-85B4-4286-BB46-9FAE12E92A9F}.Release|Any CPU.ActiveCfg = Release|Any CPU
		{DEC0C922-85B4-4286-BB46-9FAE12E92A9F}.Release|Any CPU.Build.0 = Release|Any CPU
		{ABA594D2-5D36-4A37-A366-67E713D47295}.Debug|Any CPU.ActiveCfg = Debug|Any CPU
		{ABA594D2-5D36-4A37-A366-67E713D47295}.Debug|Any CPU.Build.0 = Debug|Any CPU
		{ABA594D2-5D36-4A37-A366-67E713D47295}.Release|Any CPU.ActiveCfg = Release|Any CPU
		{ABA594D2-5D36-4A37-A366-67E713D47295}.Release|Any CPU.Build.0 = Release|Any CPU
		{A2085AA2-E847-4D17-BCEE-889F36DCDC86}.Debug|Any CPU.ActiveCfg = Debug|Any CPU
		{A2085AA2-E847-4D17-BCEE-889F36DCDC86}.Debug|Any CPU.Build.0 = Debug|Any CPU
		{A2085AA2-E847-4D17-BCEE-889F36DCDC86}.Release|Any CPU.ActiveCfg = Release|Any CPU
		{A2085AA2-E847-4D17-BCEE-889F36DCDC86}.Release|Any CPU.Build.0 = Release|Any CPU
		{F2A85A33-F9D2-40A4-8608-174EEE4EC36A}.Debug|Any CPU.ActiveCfg = Debug|Any CPU
		{F2A85A33-F9D2-40A4-8608-174EEE4EC36A}.Debug|Any CPU.Build.0 = Debug|Any CPU
		{F2A85A33-F9D2-40A4-8608-174EEE4EC36A}.Release|Any CPU.ActiveCfg = Release|Any CPU
		{F2A85A33-F9D2-40A4-8608-174EEE4EC36A}.Release|Any CPU.Build.0 = Release|Any CPU
		{0E8B0877-0A99-4D9F-B247-AAE3E9280A0B}.Debug|Any CPU.ActiveCfg = Debug|Any CPU
		{0E8B0877-0A99-4D9F-B247-AAE3E9280A0B}.Debug|Any CPU.Build.0 = Debug|Any CPU
		{0E8B0877-0A99-4D9F-B247-AAE3E9280A0B}.Release|Any CPU.ActiveCfg = Release|Any CPU
		{0E8B0877-0A99-4D9F-B247-AAE3E9280A0B}.Release|Any CPU.Build.0 = Release|Any CPU
		{9D202C0F-D83B-486C-9591-105C05286F99}.Debug|Any CPU.ActiveCfg = Debug|Any CPU
		{9D202C0F-D83B-486C-9591-105C05286F99}.Debug|Any CPU.Build.0 = Debug|Any CPU
		{9D202C0F-D83B-486C-9591-105C05286F99}.Release|Any CPU.ActiveCfg = Release|Any CPU
		{9D202C0F-D83B-486C-9591-105C05286F99}.Release|Any CPU.Build.0 = Release|Any CPU
		{F715091A-FEA4-4BFB-9419-704E46146B9F}.Debug|Any CPU.ActiveCfg = Debug|Any CPU
		{F715091A-FEA4-4BFB-9419-704E46146B9F}.Debug|Any CPU.Build.0 = Debug|Any CPU
		{F715091A-FEA4-4BFB-9419-704E46146B9F}.Release|Any CPU.ActiveCfg = Release|Any CPU
		{F715091A-FEA4-4BFB-9419-704E46146B9F}.Release|Any CPU.Build.0 = Release|Any CPU
		{A5548584-8EEF-4220-9D37-7EF6968C8195}.Debug|Any CPU.ActiveCfg = Debug|Any CPU
		{A5548584-8EEF-4220-9D37-7EF6968C8195}.Debug|Any CPU.Build.0 = Debug|Any CPU
		{A5548584-8EEF-4220-9D37-7EF6968C8195}.Release|Any CPU.ActiveCfg = Release|Any CPU
		{A5548584-8EEF-4220-9D37-7EF6968C8195}.Release|Any CPU.Build.0 = Release|Any CPU
		{E0F40F30-766C-4D9E-A247-7105A3BA7F29}.Debug|Any CPU.ActiveCfg = Debug|Any CPU
		{E0F40F30-766C-4D9E-A247-7105A3BA7F29}.Debug|Any CPU.Build.0 = Debug|Any CPU
		{E0F40F30-766C-4D9E-A247-7105A3BA7F29}.Release|Any CPU.ActiveCfg = Release|Any CPU
		{E0F40F30-766C-4D9E-A247-7105A3BA7F29}.Release|Any CPU.Build.0 = Release|Any CPU
		{76DAF4DC-2437-4958-8C70-F8A9CDC68B7F}.Debug|Any CPU.ActiveCfg = Debug|Any CPU
		{76DAF4DC-2437-4958-8C70-F8A9CDC68B7F}.Debug|Any CPU.Build.0 = Debug|Any CPU
		{76DAF4DC-2437-4958-8C70-F8A9CDC68B7F}.Release|Any CPU.ActiveCfg = Release|Any CPU
		{76DAF4DC-2437-4958-8C70-F8A9CDC68B7F}.Release|Any CPU.Build.0 = Release|Any CPU
		{8CDEAF7D-0ED1-4A11-89A5-ADB9FCB4D7B1}.Debug|Any CPU.ActiveCfg = Debug|Any CPU
		{8CDEAF7D-0ED1-4A11-89A5-ADB9FCB4D7B1}.Debug|Any CPU.Build.0 = Debug|Any CPU
		{8CDEAF7D-0ED1-4A11-89A5-ADB9FCB4D7B1}.Release|Any CPU.ActiveCfg = Release|Any CPU
		{8CDEAF7D-0ED1-4A11-89A5-ADB9FCB4D7B1}.Release|Any CPU.Build.0 = Release|Any CPU
		{DD67BACE-7D8B-4598-A3C3-55F1503C0F66}.Debug|Any CPU.ActiveCfg = Debug|Any CPU
		{DD67BACE-7D8B-4598-A3C3-55F1503C0F66}.Debug|Any CPU.Build.0 = Debug|Any CPU
		{DD67BACE-7D8B-4598-A3C3-55F1503C0F66}.Release|Any CPU.ActiveCfg = Release|Any CPU
		{DD67BACE-7D8B-4598-A3C3-55F1503C0F66}.Release|Any CPU.Build.0 = Release|Any CPU
		{CBF7A7AA-5190-465F-905A-14DA6AFE46D5}.Debug|Any CPU.ActiveCfg = Debug|Any CPU
		{CBF7A7AA-5190-465F-905A-14DA6AFE46D5}.Debug|Any CPU.Build.0 = Debug|Any CPU
		{CBF7A7AA-5190-465F-905A-14DA6AFE46D5}.Release|Any CPU.ActiveCfg = Release|Any CPU
		{CBF7A7AA-5190-465F-905A-14DA6AFE46D5}.Release|Any CPU.Build.0 = Release|Any CPU
		{D16B104E-4F06-4014-8344-98923EFF3212}.Debug|Any CPU.ActiveCfg = Debug|Any CPU
		{D16B104E-4F06-4014-8344-98923EFF3212}.Debug|Any CPU.Build.0 = Debug|Any CPU
		{D16B104E-4F06-4014-8344-98923EFF3212}.Release|Any CPU.ActiveCfg = Release|Any CPU
		{D16B104E-4F06-4014-8344-98923EFF3212}.Release|Any CPU.Build.0 = Release|Any CPU
		{D875E5B8-4BB5-49A2-98DC-DBF7AE4F681C}.Debug|Any CPU.ActiveCfg = Debug|Any CPU
		{D875E5B8-4BB5-49A2-98DC-DBF7AE4F681C}.Debug|Any CPU.Build.0 = Debug|Any CPU
		{D875E5B8-4BB5-49A2-98DC-DBF7AE4F681C}.Release|Any CPU.ActiveCfg = Release|Any CPU
		{D875E5B8-4BB5-49A2-98DC-DBF7AE4F681C}.Release|Any CPU.Build.0 = Release|Any CPU
	EndGlobalSection
	GlobalSection(SolutionProperties) = preSolution
		HideSolutionNode = FALSE
	EndGlobalSection
	GlobalSection(NestedProjects) = preSolution
		{FBFF5D86-3564-4FDA-A211-AB4E429E7EAC} = {1F845F04-482B-42A4-872E-3D67DF3FA00F}
		{A80F891F-BED3-4F98-8257-275FD0271116} = {1F845F04-482B-42A4-872E-3D67DF3FA00F}
		{18FA2896-3CF0-4FE4-90D4-83F2D2459A5C} = {4C6ED0BB-9584-4D62-AC32-60B9574C5EBC}
		{5429A676-6C6B-4C76-BA71-D2B96508DF0F} = {4C6ED0BB-9584-4D62-AC32-60B9574C5EBC}
		{EE51960F-CB47-48E5-A403-CD3C2F65A712} = {5294F491-C2C6-487B-BBB6-47E91BB8697A}
		{5668F4EA-DE11-4670-94F9-824EE03D1534} = {5294F491-C2C6-487B-BBB6-47E91BB8697A}
		{F550EAC6-0C32-4129-B70E-73205DE43CE8} = {A6142069-BAC9-4663-B860-D5B5567F5EA5}
		{3898CCC7-7B9F-43D6-8E37-B52D9D509E39} = {A6142069-BAC9-4663-B860-D5B5567F5EA5}
		{B083BEF4-3E82-46FB-B680-980AF69FD55D} = {AE41FFB1-61C1-4574-8491-55798DA99D50}
		{8965F85B-B6AE-4891-8C9F-914D241F6697} = {AE41FFB1-61C1-4574-8491-55798DA99D50}
		{E18502A5-655B-4FC6-83FF-691872FBAA90} = {70C35119-9C17-4B0F-B931-58CF0180E06C}
		{83D1D7A3-1EDC-4809-BB44-CCA32FE8E20D} = {70C35119-9C17-4B0F-B931-58CF0180E06C}
		{9EB312B0-B70A-4DC3-AD5B-2B1657FE815F} = {E357D514-9291-4B97-8967-73B11896E49D}
		{35118707-86F1-44A9-B865-B134D8E46527} = {E357D514-9291-4B97-8967-73B11896E49D}
		{B71D3DC8-77E7-487A-A451-05E93528F4CC} = {35118707-86F1-44A9-B865-B134D8E46527}
		{CFC0A255-ACFE-499C-B64D-B008C865A8F0} = {E357D514-9291-4B97-8967-73B11896E49D}
		{8B7D6B0F-3B66-45E1-9465-70C30DE131AA} = {7EA6C0D3-3A2A-4A46-8A6B-878426041EC5}
		{0D12A336-3170-4B39-8C33-F8F883B0D830} = {7EA6C0D3-3A2A-4A46-8A6B-878426041EC5}
		{817F7FC1-B9B7-4D26-9E9B-D167AE658B0C} = {3C302C15-A120-4D9D-93D7-53E6F0B8DBC4}
		{06C2C2DB-6588-42DE-A616-8B0189508DE4} = {3C302C15-A120-4D9D-93D7-53E6F0B8DBC4}
		{299860E5-E977-4212-8AE7-8C1F689B0047} = {0F376BFE-3ED9-45E0-9891-BD030530B644}
		{EAA6CE3F-9F98-4377-9074-98B4E32E945B} = {0F376BFE-3ED9-45E0-9891-BD030530B644}
		{B7885E91-4274-4570-864C-5050CD46A441} = {274EE39A-9F2C-4F15-8096-0B130D76D5C7}
		{02FBEEAD-245D-47A3-A450-609A9511EAF3} = {274EE39A-9F2C-4F15-8096-0B130D76D5C7}
		{930CE510-792D-4193-A5C4-33FB580468BE} = {B89791B5-C002-46D9-9B44-D0B0F762FA2D}
		{24D44B0D-52C4-41CA-A506-8527EE065060} = {B89791B5-C002-46D9-9B44-D0B0F762FA2D}
		{85130931-06BE-427C-9E56-A93F357EF796} = {16AD5042-3C2C-46A8-93CA-9460B38C6E50}
		{DEDB3156-6DB7-4E92-9923-60EA6AEFB15A} = {16AD5042-3C2C-46A8-93CA-9460B38C6E50}
		{BF1C160B-2CF4-4C35-A3FA-60ECAD9D4A29} = {859D5085-6654-48E8-BEFC-D5682E372D39}
		{CB636A72-6FD9-4465-8712-149292919D33} = {859D5085-6654-48E8-BEFC-D5682E372D39}
		{F5CEEF3A-B55A-40AC-95FE-6F396DD07EA6} = {AD7A7D41-B57E-495A-8822-33A705C71578}
		{38481A61-EBAD-4E40-8D0E-60D6DF5BE332} = {AD7A7D41-B57E-495A-8822-33A705C71578}
		{D1287DC4-C71D-46EF-9375-86E5CDD282B1} = {CFC0A255-ACFE-499C-B64D-B008C865A8F0}
		{A2C65B9B-CA30-4F11-8C6D-732DF8750777} = {CFC0A255-ACFE-499C-B64D-B008C865A8F0}
		{C057D740-5F19-4E33-AFCC-A28C2FBC48DC} = {602AEAFC-162D-47C2-AEAE-7C9636B3959C}
		{DEC0C922-85B4-4286-BB46-9FAE12E92A9F} = {602AEAFC-162D-47C2-AEAE-7C9636B3959C}
		{ABA594D2-5D36-4A37-A366-67E713D47295} = {AF42060A-12E3-4A39-ADAB-1FBFC88FBE8E}
		{A2085AA2-E847-4D17-BCEE-889F36DCDC86} = {AF42060A-12E3-4A39-ADAB-1FBFC88FBE8E}
		{F2A85A33-F9D2-40A4-8608-174EEE4EC36A} = {8D2BD73B-8CDD-4F6C-8E1A-BA6D31893163}
		{0E8B0877-0A99-4D9F-B247-AAE3E9280A0B} = {8D2BD73B-8CDD-4F6C-8E1A-BA6D31893163}
		{9D202C0F-D83B-486C-9591-105C05286F99} = {8E835E7F-0BF4-49E8-988F-135AC0726D12}
		{F715091A-FEA4-4BFB-9419-704E46146B9F} = {8E835E7F-0BF4-49E8-988F-135AC0726D12}
		{A5548584-8EEF-4220-9D37-7EF6968C8195} = {22111064-BBB3-48FC-AF5B-C807DCCC3141}
		{E0F40F30-766C-4D9E-A247-7105A3BA7F29} = {22111064-BBB3-48FC-AF5B-C807DCCC3141}
		{76DAF4DC-2437-4958-8C70-F8A9CDC68B7F} = {FD93B871-5975-4BF0-86B8-22FD25FE82BF}
		{8CDEAF7D-0ED1-4A11-89A5-ADB9FCB4D7B1} = {FD93B871-5975-4BF0-86B8-22FD25FE82BF}
		{DD67BACE-7D8B-4598-A3C3-55F1503C0F66} = {2C44A35E-B14F-4E56-B430-B878EC2C3A53}
		{CBF7A7AA-5190-465F-905A-14DA6AFE46D5} = {2C44A35E-B14F-4E56-B430-B878EC2C3A53}
		{D16B104E-4F06-4014-8344-98923EFF3212} = {3E444680-0E50-467E-BAE7-547F2E427A91}
		{D875E5B8-4BB5-49A2-98DC-DBF7AE4F681C} = {3E444680-0E50-467E-BAE7-547F2E427A91}
	EndGlobalSection
	GlobalSection(ExtensibilityGlobals) = postSolution
		SolutionGuid = {1A6CB934-5E57-4D29-8CDE-7351F32B5CC1}
	EndGlobalSection
EndGlobal
